<?xml version="1.0" encoding="utf-8"?>
<Project ToolsVersion="4.0" xmlns="http://schemas.microsoft.com/developer/msbuild/2003">
  <ItemGroup>
    <Filter Include="Source Files">
      <UniqueIdentifier>{4FC737F1-C7A5-4376-A066-2A32D752A2FF}</UniqueIdentifier>
      <Extensions>cpp;c;cc;cxx;def;odl;idl;hpj;bat;asm;asmx</Extensions>
    </Filter>
    <Filter Include="Header Files">
      <UniqueIdentifier>{93995380-89BD-4b04-88EB-625FBE52EBFB}</UniqueIdentifier>
      <Extensions>h;hh;hpp;hxx;hm;inl;inc;ipp;xsd</Extensions>
    </Filter>
    <Filter Include="Header Files\entity">
      <UniqueIdentifier>{4a11a226-f233-41e4-87cd-7c4ab4a831db}</UniqueIdentifier>
    </Filter>
    <Filter Include="Header Files\entity\animation">
      <UniqueIdentifier>{5a61591c-cc9a-4178-a463-1699c1f233fe}</UniqueIdentifier>
    </Filter>
    <Filter Include="Header Files\entity\ability">
      <UniqueIdentifier>{c103472f-9c11-479e-8e04-4c58e9a580fa}</UniqueIdentifier>
    </Filter>
    <Filter Include="Header Files\entity\stats">
      <UniqueIdentifier>{9c8fafd9-534e-4495-8416-450d82797fa8}</UniqueIdentifier>
    </Filter>
    <Filter Include="Header Files\rendering">
      <UniqueIdentifier>{b139e201-fcb2-4bc4-aefa-0e04c2af4f29}</UniqueIdentifier>
    </Filter>
    <Filter Include="Resource Files">
      <UniqueIdentifier>{67DA6AB6-F800-4c08-8B7A-83BB121AAD01}</UniqueIdentifier>
      <Extensions>rc;ico;cur;bmp;dlg;rc2;rct;bin;rgs;gif;jpg;jpeg;jpe;resx;tiff;tif;png;wav;mfcribbon-ms</Extensions>
    </Filter>
    <Filter Include="Source Files\entity">
      <UniqueIdentifier>{9f33379d-4845-409e-8e3e-f8d45f406e53}</UniqueIdentifier>
    </Filter>
    <Filter Include="Source Files\rendering">
      <UniqueIdentifier>{5d33cf30-ad39-450d-b5d8-f1b352819ab1}</UniqueIdentifier>
    </Filter>
    <Filter Include="Source Files\entity\animation">
      <UniqueIdentifier>{252cb290-7e52-420d-b154-677edc51dd16}</UniqueIdentifier>
    </Filter>
    <Filter Include="Source Files\entity\ability">
      <UniqueIdentifier>{ece0316f-4977-4cda-8d77-bc6bba9c3db3}</UniqueIdentifier>
    </Filter>
    <Filter Include="Header Files\menu">
      <UniqueIdentifier>{eb0ab26d-100b-451a-afe6-3effd8d7cc20}</UniqueIdentifier>
    </Filter>
    <Filter Include="Header Files\game">
      <UniqueIdentifier>{176b03e9-955b-444c-af15-e517c20230d7}</UniqueIdentifier>
    </Filter>
    <Filter Include="Source Files\game">
      <UniqueIdentifier>{5b8ecad4-2960-4bdf-909c-426455b128b0}</UniqueIdentifier>
    </Filter>
    <Filter Include="Source Files\menu">
      <UniqueIdentifier>{84950712-5a5b-439e-9183-cc71e49ec1e1}</UniqueIdentifier>
    </Filter>
    <Filter Include="Source Files\entity\inventory">
      <UniqueIdentifier>{d492fe86-e9dd-4c41-b835-51182d433e1f}</UniqueIdentifier>
    </Filter>
    <Filter Include="Header Files\entity\inventory">
      <UniqueIdentifier>{61187205-f58e-4d35-86a4-8b9b05e1084c}</UniqueIdentifier>
    </Filter>
    <Filter Include="Header Files\decisions">
      <UniqueIdentifier>{dd32b624-4e2d-4917-8219-1f4b56b0adb7}</UniqueIdentifier>
    </Filter>
    <Filter Include="Header Files\level">
      <UniqueIdentifier>{bd3a3566-51f9-464e-980e-7021f46edd80}</UniqueIdentifier>
    </Filter>
    <Filter Include="Header Files\game\event">
      <UniqueIdentifier>{25bedb7d-1f85-49f3-ad12-e3ae0a64ef87}</UniqueIdentifier>
    </Filter>
    <Filter Include="Header Files\game\event\events">
      <UniqueIdentifier>{8e195a44-1f70-4bd2-84f2-5d5c5dfaa328}</UniqueIdentifier>
    </Filter>
    <Filter Include="Header Files\game\event\events\movement">
      <UniqueIdentifier>{a014454f-f68f-4d6b-a5e2-483b450305a5}</UniqueIdentifier>
    </Filter>
    <Filter Include="Header Files\game\event\events\battle">
      <UniqueIdentifier>{3f3a6248-fb7d-4687-aebd-970d218f3b5d}</UniqueIdentifier>
    </Filter>
    <Filter Include="Header Files\game\turn">
      <UniqueIdentifier>{4bb1c779-907c-4c2f-89c4-3ec7c80b1f07}</UniqueIdentifier>
    </Filter>
    <Filter Include="Header Files\game\gameManager">
      <UniqueIdentifier>{4f12f631-3b9d-4b3f-b4cd-1c91ffdb4260}</UniqueIdentifier>
    </Filter>
    <Filter Include="Source Files\game\turn">
      <UniqueIdentifier>{55264484-cab2-4df1-ad4c-69409ff681e5}</UniqueIdentifier>
    </Filter>
    <Filter Include="Source Files\game\gameManager">
      <UniqueIdentifier>{03d578de-b93d-4f96-b8fc-5873f03be8c5}</UniqueIdentifier>
    </Filter>
    <Filter Include="Header Files\input">
      <UniqueIdentifier>{0793dbb4-0888-417c-8646-a848f11abec8}</UniqueIdentifier>
    </Filter>
    <Filter Include="Source Files\input">
      <UniqueIdentifier>{9d90c6fb-ccf3-4f02-88f8-2e0f49d7046b}</UniqueIdentifier>
    </Filter>
    <Filter Include="Header Files\entity\animation\animationMovement">
      <UniqueIdentifier>{88b4d553-f3b4-4a7e-965d-64f0c505866c}</UniqueIdentifier>
    </Filter>
    <Filter Include="Header Files\entity\animation\animationMovement\movements">
      <UniqueIdentifier>{d164ec1c-7f7b-490b-93fc-8593b0cbb616}</UniqueIdentifier>
    </Filter>
    <Filter Include="Header Files\entity\movement">
      <UniqueIdentifier>{32cf04ce-80d1-49ed-951a-1b7f705e19c1}</UniqueIdentifier>
    </Filter>
    <Filter Include="Source Files\entity\animation\movement">
      <UniqueIdentifier>{fac4b820-5e6d-4a34-a2ca-cca36522f198}</UniqueIdentifier>
    </Filter>
    <Filter Include="Source Files\entity\animation\movement\movements">
      <UniqueIdentifier>{2f456567-9386-484d-b8c8-b688f99ca5ae}</UniqueIdentifier>
    </Filter>
    <Filter Include="Source Files\entity\movement">
      <UniqueIdentifier>{ade412eb-8964-47b9-9c9e-bb602edce708}</UniqueIdentifier>
    </Filter>
    <Filter Include="Header Files\text">
      <UniqueIdentifier>{cb2252bb-5dd9-48b0-a0d0-90159852f4bf}</UniqueIdentifier>
    </Filter>
    <Filter Include="Header Files\text\dialogue">
      <UniqueIdentifier>{9ac66f00-796d-4f99-a817-0d919b5b98e9}</UniqueIdentifier>
    </Filter>
    <Filter Include="Source Files\text">
      <UniqueIdentifier>{33efbf65-9a5c-438e-8f10-f104467f0864}</UniqueIdentifier>
    </Filter>
    <Filter Include="Source Files\text\dialogue">
      <UniqueIdentifier>{7cda9f3a-a984-40ff-b2ab-694f8c7f1801}</UniqueIdentifier>
    </Filter>
    <Filter Include="Header Files\text\font">
      <UniqueIdentifier>{4a8a99aa-0fd9-4194-8ddb-762ee4eecd5c}</UniqueIdentifier>
    </Filter>
    <Filter Include="Source Files\text\font">
      <UniqueIdentifier>{dccde7fe-9a82-428f-81da-f1565387d6b0}</UniqueIdentifier>
    </Filter>
    <Filter Include="Header Files\game\event\events\dialogue">
      <UniqueIdentifier>{ffef5201-07e2-41ff-8ac8-d743066202d6}</UniqueIdentifier>
    </Filter>
    <Filter Include="Source Files\game\events">
      <UniqueIdentifier>{b63f27e9-a9d1-4261-bbba-0e11601e70a8}</UniqueIdentifier>
    </Filter>
    <Filter Include="Source Files\game\events\dialogue">
      <UniqueIdentifier>{87b4c862-95a0-4854-a130-ac9becde8a16}</UniqueIdentifier>
    </Filter>
    <Filter Include="Source Files\game\events\movement">
      <UniqueIdentifier>{e3038577-08de-486a-8a0e-1ec4cb6e7115}</UniqueIdentifier>
    </Filter>
    <Filter Include="Header Files\rendering\lighting">
      <UniqueIdentifier>{66c0c198-1f78-40a4-b7af-de688fb39b05}</UniqueIdentifier>
    </Filter>
    <Filter Include="Source Files\rendering\lighting">
      <UniqueIdentifier>{229cc4ae-f838-41f3-9d30-7e397cb29fd4}</UniqueIdentifier>
    </Filter>
    <Filter Include="Header Files\ambiance">
      <UniqueIdentifier>{a6d2adf7-e445-43e6-8cd2-b9dcfcaf8d1e}</UniqueIdentifier>
    </Filter>
    <Filter Include="Header Files\effects">
      <UniqueIdentifier>{eb1054d2-0580-4d08-ba8e-948971f2bbd8}</UniqueIdentifier>
    </Filter>
    <Filter Include="Header Files\effects\lightning">
      <UniqueIdentifier>{6aa7c8f9-90cb-4542-9fda-547e8deb0bb9}</UniqueIdentifier>
    </Filter>
    <Filter Include="Source Files\effects">
      <UniqueIdentifier>{7ba494ba-d4d2-43cb-9b66-15909953309e}</UniqueIdentifier>
    </Filter>
    <Filter Include="Source Files\effects\lightning">
      <UniqueIdentifier>{d8a8b65f-34b6-44b8-8b78-f4c59e965555}</UniqueIdentifier>
    </Filter>
    <Filter Include="Header Files\effects\fire">
      <UniqueIdentifier>{ab094975-c185-48e4-8265-911004e428ee}</UniqueIdentifier>
    </Filter>
    <Filter Include="Source Files\effects\fire">
      <UniqueIdentifier>{f34139fd-1d9d-4970-959c-2b1aab52898e}</UniqueIdentifier>
    </Filter>
  </ItemGroup>
  <ItemGroup>
    <ClCompile Include="ConsoleApplication1.cpp">
      <Filter>Source Files</Filter>
    </ClCompile>
    <ClCompile Include="logManager.cpp">
      <Filter>Source Files</Filter>
    </ClCompile>
    <ClCompile Include="abilities.cpp">
      <Filter>Source Files\entity\ability</Filter>
    </ClCompile>
    <ClCompile Include="ability.cpp">
      <Filter>Source Files\entity\ability</Filter>
    </ClCompile>
    <ClCompile Include="animationManager.cpp">
      <Filter>Source Files\entity\animation</Filter>
    </ClCompile>
    <ClCompile Include="animationMovement.cpp">
      <Filter>Source Files\entity\animation</Filter>
    </ClCompile>
    <ClCompile Include="entity.cpp">
      <Filter>Source Files\entity</Filter>
    </ClCompile>
    <ClCompile Include="renderer.cpp">
      <Filter>Source Files\rendering</Filter>
    </ClCompile>
    <ClCompile Include="textureDataStruct.cpp">
      <Filter>Source Files\rendering</Filter>
    </ClCompile>
    <ClCompile Include="textureManager.cpp">
      <Filter>Source Files\rendering</Filter>
    </ClCompile>
    <ClCompile Include="windowManager.cpp">
      <Filter>Source Files\rendering</Filter>
    </ClCompile>
    <ClCompile Include="entityLoader.cpp">
      <Filter>Source Files\entity</Filter>
    </ClCompile>
    <ClCompile Include="abilityFileLoader.cpp">
      <Filter>Source Files\entity\ability</Filter>
    </ClCompile>
    <ClCompile Include="renderManager.cpp">
      <Filter>Source Files\rendering</Filter>
    </ClCompile>
    <ClCompile Include="game.cpp">
      <Filter>Source Files\game</Filter>
    </ClCompile>
    <ClCompile Include="pauseMenu.cpp">
      <Filter>Source Files\menu</Filter>
    </ClCompile>
    <ClCompile Include="dimensions.h">
      <Filter>Header Files\entity\stats</Filter>
    </ClCompile>
    <ClCompile Include="animationMovementFactory.cpp">
      <Filter>Source Files\entity\animation\movement</Filter>
    </ClCompile>
    <ClCompile Include="menu.cpp">
      <Filter>Source Files\menu</Filter>
    </ClCompile>
    <ClCompile Include="inventory.cpp">
      <Filter>Source Files\entity\inventory</Filter>
    </ClCompile>
    <ClCompile Include="item.cpp">
      <Filter>Source Files\entity\inventory</Filter>
    </ClCompile>
    <ClCompile Include="idleMovement.cpp">
      <Filter>Source Files\entity\animation\movement\movements</Filter>
    </ClCompile>
    <ClCompile Include="northMovement.cpp">
      <Filter>Source Files\entity\animation\movement\movements</Filter>
    </ClCompile>
    <ClCompile Include="windowSettings.cpp">
      <Filter>Source Files\rendering</Filter>
    </ClCompile>
    <ClCompile Include="mainMenu.cpp">
      <Filter>Source Files\menu</Filter>
    </ClCompile>
    <ClCompile Include="levelLoader.cpp">
      <Filter>Source Files\game</Filter>
    </ClCompile>
    <ClCompile Include="entityManager.cpp">
      <Filter>Source Files\entity</Filter>
    </ClCompile>
    <ClCompile Include="renderCacheManager.cpp">
      <Filter>Source Files\rendering</Filter>
    </ClCompile>
    <ClCompile Include="turnManager.cpp">
      <Filter>Source Files\game\turn</Filter>
    </ClCompile>
    <ClCompile Include="gameManager.cpp">
      <Filter>Source Files\game\gameManager</Filter>
    </ClCompile>
    <ClCompile Include="fileManager.cpp">
      <Filter>Source Files\game\gameManager</Filter>
    </ClCompile>
    <ClCompile Include="inputManager.cpp">
      <Filter>Source Files\input</Filter>
    </ClCompile>
    <ClCompile Include="movementManager.cpp">
      <Filter>Source Files\entity\movement</Filter>
    </ClCompile>
    <ClCompile Include="dialogueManager.cpp">
      <Filter>Source Files\text\dialogue</Filter>
    </ClCompile>
    <ClCompile Include="fontManager.cpp">
      <Filter>Source Files\text\font</Filter>
    </ClCompile>
    <ClCompile Include="dialogueEvents.cpp">
      <Filter>Source Files\game\events\dialogue</Filter>
    </ClCompile>
    <ClCompile Include="movementEvents.cpp">
      <Filter>Source Files\game\events\movement</Filter>
    </ClCompile>
    <ClCompile Include="lightManager.cpp">
      <Filter>Source Files\rendering\lighting</Filter>
    </ClCompile>
    <ClCompile Include="ambianceManager.cpp">
      <Filter>Source Files</Filter>
    </ClCompile>
    <ClCompile Include="lightningGenerator.cpp">
      <Filter>Source Files\effects\lightning</Filter>
    </ClCompile>
    <ClCompile Include="lightningManager.cpp">
      <Filter>Source Files\effects\lightning</Filter>
    </ClCompile>
    <ClCompile Include="lightningStormBank.cpp">
      <Filter>Source Files\effects\lightning</Filter>
    </ClCompile>
    <ClCompile Include="effectsManager.cpp">
      <Filter>Source Files\effects</Filter>
    </ClCompile>
    <ClCompile Include="lightningMovementEnum.h">
      <Filter>Header Files\effects\lightning</Filter>
    </ClCompile>
    <ClCompile Include="fireManager.cpp">
      <Filter>Source Files\effects\fire</Filter>
    </ClCompile>
    <ClCompile Include="fire.cpp">
      <Filter>Source Files\effects\fire</Filter>
    </ClCompile>
    <ClCompile Include="fireLine.cpp">
      <Filter>Source Files\effects\fire</Filter>
    </ClCompile>
    <ClCompile Include="emberParticle.cpp">
      <Filter>Source Files\effects\fire</Filter>
    </ClCompile>
    <ClCompile Include="fireStormBank.cpp">
      <Filter>Source Files\effects\fire</Filter>
    </ClCompile>
    <ClCompile Include="fireStormSpawnParams.h">
      <Filter>Header Files\effects\fire</Filter>
    </ClCompile>
    <ClCompile Include="fireStormSizeParams.h">
      <Filter>Header Files\effects\fire</Filter>
    </ClCompile>
    <ClCompile Include="fireGenerator.cpp">
      <Filter>Source Files\effects\fire</Filter>
    </ClCompile>
    <ClCompile Include="randomUtilityFunctions.cpp">
      <Filter>Source Files\effects</Filter>
    </ClCompile>
    <ClCompile Include="fireStorm.cpp">
      <Filter>Source Files\effects\fire</Filter>
    </ClCompile>
  </ItemGroup>
  <ItemGroup>
    <ClInclude Include="logManager.h">
      <Filter>Header Files</Filter>
    </ClInclude>
    <ClInclude Include="abilities.h">
      <Filter>Header Files\entity\ability</Filter>
    </ClInclude>
    <ClInclude Include="ability.h">
      <Filter>Header Files\entity\ability</Filter>
    </ClInclude>
    <ClInclude Include="abilityType.h">
      <Filter>Header Files\entity\ability</Filter>
    </ClInclude>
    <ClInclude Include="animationManager.h">
      <Filter>Header Files\entity\animation</Filter>
    </ClInclude>
    <ClInclude Include="statClass.h">
      <Filter>Header Files\entity\stats</Filter>
    </ClInclude>
    <ClInclude Include="statEnum.h">
      <Filter>Header Files\entity\stats</Filter>
    </ClInclude>
    <ClInclude Include="statsContainer.h">
      <Filter>Header Files\entity\stats</Filter>
    </ClInclude>
    <ClInclude Include="renderer.h">
      <Filter>Header Files\rendering</Filter>
    </ClInclude>
    <ClInclude Include="textureDataStruct.h">
      <Filter>Header Files\rendering</Filter>
    </ClInclude>
    <ClInclude Include="textureManager.h">
      <Filter>Header Files\rendering</Filter>
    </ClInclude>
    <ClInclude Include="uses.h">
      <Filter>Header Files\entity\stats</Filter>
    </ClInclude>
    <ClInclude Include="windowManager.h">
      <Filter>Header Files\rendering</Filter>
    </ClInclude>
    <ClInclude Include="abilityIncludes.h">
      <Filter>Header Files\entity\ability</Filter>
    </ClInclude>
    <ClInclude Include="abilityFileLoader.h">
      <Filter>Header Files\entity\ability</Filter>
    </ClInclude>
    <ClInclude Include="entityFactory.h">
      <Filter>Header Files\entity</Filter>
    </ClInclude>
    <ClInclude Include="entityLoader.h">
      <Filter>Header Files\entity</Filter>
    </ClInclude>
    <ClInclude Include="abilityFactory.h">
      <Filter>Header Files\entity\ability</Filter>
    </ClInclude>
    <ClInclude Include="entityIncludes.h">
      <Filter>Header Files\entity</Filter>
    </ClInclude>
    <ClInclude Include="heal.h">
      <Filter>Header Files\entity\ability</Filter>
    </ClInclude>
    <ClInclude Include="movementTypeEnum.h">
      <Filter>Header Files\entity\animation\animationMovement</Filter>
    </ClInclude>
    <ClInclude Include="renderManager.h">
      <Filter>Header Files\rendering</Filter>
    </ClInclude>
    <ClInclude Include="button.h">
      <Filter>Header Files\menu</Filter>
    </ClInclude>
    <ClInclude Include="menu.h">
      <Filter>Header Files\menu</Filter>
    </ClInclude>
    <ClInclude Include="menuManager.h">
      <Filter>Header Files\menu</Filter>
    </ClInclude>
    <ClInclude Include="pauseMenu.h">
      <Filter>Header Files\menu</Filter>
    </ClInclude>
    <ClInclude Include="entityRenderInfo.h">
      <Filter>Header Files\entity\animation</Filter>
    </ClInclude>
    <ClInclude Include="aNotes.h">
      <Filter>Header Files</Filter>
    </ClInclude>
    <ClInclude Include="animationMovementFactory.h">
      <Filter>Header Files\entity\animation\animationMovement</Filter>
    </ClInclude>
    <ClInclude Include="buttonData.h">
      <Filter>Header Files\menu</Filter>
    </ClInclude>
    <ClInclude Include="buttonEnums.h">
      <Filter>Header Files\menu</Filter>
    </ClInclude>
    <ClInclude Include="defaultButtonSettings.h">
      <Filter>Header Files\menu</Filter>
    </ClInclude>
    <ClInclude Include="inventory.h">
      <Filter>Header Files\entity\inventory</Filter>
    </ClInclude>
    <ClInclude Include="item.h">
      <Filter>Header Files\entity\inventory</Filter>
    </ClInclude>
    <ClInclude Include="idleMovement.h">
      <Filter>Header Files\entity\animation\animationMovement\movements</Filter>
    </ClInclude>
    <ClInclude Include="northMovement.h">
      <Filter>Header Files\entity\animation\animationMovement\movements</Filter>
    </ClInclude>
    <ClInclude Include="decisionContext.h">
      <Filter>Header Files\decisions</Filter>
    </ClInclude>
    <ClInclude Include="level.h">
      <Filter>Header Files\level</Filter>
    </ClInclude>
    <ClInclude Include="entityOverrides.h">
      <Filter>Header Files\level</Filter>
    </ClInclude>
    <ClInclude Include="windowSettings.h">
      <Filter>Header Files\rendering</Filter>
    </ClInclude>
    <ClInclude Include="mainMenu.h">
      <Filter>Header Files\menu</Filter>
    </ClInclude>
    <ClInclude Include="entity.h">
      <Filter>Header Files\entity</Filter>
    </ClInclude>
    <ClInclude Include="levelLoader.h">
      <Filter>Header Files\level</Filter>
    </ClInclude>
    <ClInclude Include="view.h">
      <Filter>Header Files\rendering</Filter>
    </ClInclude>
    <ClInclude Include="gamePhaseEnum.h">
      <Filter>Header Files\game</Filter>
    </ClInclude>
    <ClInclude Include="animationMovement.h">
      <Filter>Header Files\entity\animation\animationMovement\movements</Filter>
    </ClInclude>
    <ClInclude Include="statSorter.h">
      <Filter>Header Files\entity\stats</Filter>
    </ClInclude>
    <ClInclude Include="entityManager.h">
      <Filter>Header Files\entity</Filter>
    </ClInclude>
    <ClInclude Include="renderCacheManager.h">
      <Filter>Header Files\rendering</Filter>
    </ClInclude>
    <ClInclude Include="interactability.h">
      <Filter>Header Files\entity</Filter>
    </ClInclude>
    <ClInclude Include="event.h">
      <Filter>Header Files\game\event\events</Filter>
    </ClInclude>
    <ClInclude Include="entityDied.h">
      <Filter>Header Files\game\event\events\battle</Filter>
    </ClInclude>
    <ClInclude Include="eventSystem.h">
      <Filter>Header Files\game\event\events</Filter>
    </ClInclude>
    <ClInclude Include="overLoaded.h">
      <Filter>Header Files\game\event</Filter>
    </ClInclude>
    <ClInclude Include="updateRenderInfoEvent.h">
      <Filter>Header Files\game\event\events</Filter>
    </ClInclude>
    <ClInclude Include="turnContext.h">
      <Filter>Header Files\game\turn</Filter>
    </ClInclude>
    <ClInclude Include="turnManager.h">
      <Filter>Header Files\game\turn</Filter>
    </ClInclude>
    <ClInclude Include="entityTypeEnum.h">
      <Filter>Header Files\entity</Filter>
    </ClInclude>
    <ClInclude Include="characterTypeEnum.h">
      <Filter>Header Files\entity</Filter>
    </ClInclude>
    <ClInclude Include="gameManager.h">
      <Filter>Header Files\game\gameManager</Filter>
    </ClInclude>
    <ClInclude Include="fileManager.h">
      <Filter>Header Files\game\gameManager</Filter>
    </ClInclude>
    <ClInclude Include="gameManagerStateEnum.h">
      <Filter>Header Files\game\gameManager</Filter>
    </ClInclude>
    <ClInclude Include="game.h">
      <Filter>Header Files\game</Filter>
    </ClInclude>
    <ClInclude Include="inputManager.h">
      <Filter>Header Files\input</Filter>
    </ClInclude>
    <ClInclude Include="movementManager.h">
      <Filter>Header Files\entity\movement</Filter>
    </ClInclude>
    <ClInclude Include="path.h">
      <Filter>Header Files\entity\movement</Filter>
    </ClInclude>
    <ClInclude Include="position.h">
      <Filter>Header Files\entity\movement</Filter>
    </ClInclude>
    <ClInclude Include="movement.h">
      <Filter>Header Files\entity\movement</Filter>
    </ClInclude>
    <ClInclude Include="movementEvents.h">
      <Filter>Header Files\game\event\events\movement</Filter>
    </ClInclude>
    <ClInclude Include="turnEvents.h">
      <Filter>Header Files\game\turn</Filter>
    </ClInclude>
    <ClInclude Include="textDB.h">
      <Filter>Header Files\text</Filter>
    </ClInclude>
    <ClInclude Include="label.h">
      <Filter>Header Files\text</Filter>
    </ClInclude>
    <ClInclude Include="stringDB.h">
      <Filter>Header Files\text</Filter>
    </ClInclude>
    <ClInclude Include="dialogueNode.h">
      <Filter>Header Files\text\dialogue</Filter>
    </ClInclude>
    <ClInclude Include="activeDialogue.h">
      <Filter>Header Files\text\dialogue</Filter>
    </ClInclude>
    <ClInclude Include="dialogueManager.h">
      <Filter>Header Files\text\dialogue</Filter>
    </ClInclude>
    <ClInclude Include="fontManager.h">
      <Filter>Header Files\text\font</Filter>
    </ClInclude>
    <ClInclude Include="dialogueEvents.h">
      <Filter>Header Files\game\event\events\dialogue</Filter>
    </ClInclude>
    <ClInclude Include="dialogeEventHelperFunctions.h">
      <Filter>Header Files\text\dialogue</Filter>
    </ClInclude>
    <ClInclude Include="light.h">
      <Filter>Header Files\rendering\lighting</Filter>
    </ClInclude>
    <ClInclude Include="lightManager.h">
      <Filter>Header Files\rendering\lighting</Filter>
    </ClInclude>
    <ClInclude Include="ambiance.h">
      <Filter>Header Files\ambiance</Filter>
    </ClInclude>
    <ClInclude Include="ambianceManager.h">
      <Filter>Header Files\ambiance</Filter>
    </ClInclude>
    <ClInclude Include="weatherType.h">
      <Filter>Header Files\ambiance</Filter>
    </ClInclude>
    <ClInclude Include="dayDivision.h">
      <Filter>Header Files\ambiance</Filter>
    </ClInclude>
    <ClInclude Include="ambianceSaveData.h">
      <Filter>Header Files\ambiance</Filter>
    </ClInclude>
    <ClInclude Include="lightModulationEnum.h">
      <Filter>Header Files\rendering\lighting</Filter>
    </ClInclude>
    <ClInclude Include="lightningNode.h">
      <Filter>Header Files\effects\lightning</Filter>
    </ClInclude>
    <ClInclude Include="lightningSegment.h">
      <Filter>Header Files\effects\lightning</Filter>
    </ClInclude>
    <ClInclude Include="lightningStrike.h">
      <Filter>Header Files\effects\lightning</Filter>
    </ClInclude>
    <ClInclude Include="lightningGeneratorConfig.h">
      <Filter>Header Files\effects\lightning</Filter>
    </ClInclude>
    <ClInclude Include="lightningManager.h">
      <Filter>Header Files\effects\lightning</Filter>
    </ClInclude>
    <ClInclude Include="lightningGenerator.h">
      <Filter>Header Files\effects\lightning</Filter>
    </ClInclude>
    <ClInclude Include="lightningStormConfig.h">
      <Filter>Header Files\effects\lightning</Filter>
    </ClInclude>
    <ClInclude Include="lightningStorm.h">
      <Filter>Header Files\effects\lightning</Filter>
    </ClInclude>
    <ClInclude Include="lightningPlacementModeEnum.h">
      <Filter>Header Files\effects\lightning</Filter>
    </ClInclude>
    <ClInclude Include="lightningStormDef.h">
      <Filter>Header Files\effects\lightning</Filter>
    </ClInclude>
    <ClInclude Include="lightningStormBank.h">
      <Filter>Header Files\effects\lightning</Filter>
    </ClInclude>
    <ClInclude Include="fileSystemHelper.h">
      <Filter>Header Files</Filter>
    </ClInclude>
    <ClInclude Include="effectsManager.h">
      <Filter>Header Files\effects</Filter>
    </ClInclude>
    <ClInclude Include="lightningManagerHelperFunctions.h">
      <Filter>Header Files\effects\lightning</Filter>
    </ClInclude>
    <ClInclude Include="stormHelperFunctions.h">
      <Filter>Header Files\effects\lightning</Filter>
    </ClInclude>
    <ClInclude Include="fireManager.h">
      <Filter>Header Files\effects\fire</Filter>
    </ClInclude>
    <ClInclude Include="fireColorProfile.h">
      <Filter>Header Files\effects\fire</Filter>
    </ClInclude>
    <ClInclude Include="emberMovementEnum.h">
      <Filter>Header Files\effects\fire</Filter>
    </ClInclude>
    <ClInclude Include="emberParticle.h">
      <Filter>Header Files\effects\fire</Filter>
    </ClInclude>
    <ClInclude Include="fire.h">
      <Filter>Header Files\effects\fire</Filter>
    </ClInclude>
    <ClInclude Include="fireLine.h">
      <Filter>Header Files\effects\fire</Filter>
    </ClInclude>
    <ClInclude Include="fireStorm.h">
      <Filter>Header Files\effects\fire</Filter>
    </ClInclude>
    <ClInclude Include="fireStormBank.h">
      <Filter>Header Files\effects\fire</Filter>
    </ClInclude>
    <ClInclude Include="fireStormDef.h">
      <Filter>Header Files\effects\fire</Filter>
    </ClInclude>
    <ClInclude Include="fireStormConfig.h">
      <Filter>Header Files\effects\fire</Filter>
    </ClInclude>
    <ClInclude Include="fireSpawnTypeEnum.h">
      <Filter>Header Files\effects\fire</Filter>
    </ClInclude>
    <ClInclude Include="SDL_Color_Json.h">
      <Filter>Header Files\rendering</Filter>
    </ClInclude>
    <ClInclude Include="SDL_Fpoint_json.h">
      <Filter>Header Files\effects</Filter>
    </ClInclude>
    <ClInclude Include="fireStormEmberParams.h">
      <Filter>Header Files\effects\fire</Filter>
    </ClInclude>
    <ClInclude Include="fireGenerator.h">
      <Filter>Header Files\effects\fire</Filter>
    </ClInclude>
    <ClInclude Include="randomUtilityFunctions.h">
      <Filter>Header Files\effects</Filter>
    </ClInclude>
    <ClInclude Include="SDL_Vertex_json.h">
      <Filter>Header Files\effects</Filter>
    </ClInclude>
    <ClInclude Include="SDLLerp.h">
      <Filter>Header Files\effects</Filter>
    </ClInclude>
    <ClInclude Include="fireLineParams.h">
      <Filter>Header Files\effects\fire</Filter>
    </ClInclude>
    <ClInclude Include="fireStormFireLineParams.h">
      <Filter>Header Files\effects\fire</Filter>
    </ClInclude>
    <ClInclude Include="fireLineBatch.h">
      <Filter>Header Files\effects\fire</Filter>
    </ClInclude>
    <ClInclude Include="emberBatch.h">
      <Filter>Header Files\effects\fire</Filter>
    </ClInclude>
    <ClInclude Include="SDL_Color_Range.h">
      <Filter>Source Files\effects</Filter>
    </ClInclude>
  </ItemGroup>
</Project>