<?xml version="1.0" encoding="utf-8"?>
<Project ToolsVersion="4.0" xmlns="http://schemas.microsoft.com/developer/msbuild/2003">
  <ItemGroup>
    <Filter Include="Source Files">
      <UniqueIdentifier>{4FC737F1-C7A5-4376-A066-2A32D752A2FF}</UniqueIdentifier>
      <Extensions>cpp;c;cc;cxx;def;odl;idl;hpj;bat;asm;asmx</Extensions>
    </Filter>
    <Filter Include="Header Files">
      <UniqueIdentifier>{93995380-89BD-4b04-88EB-625FBE52EBFB}</UniqueIdentifier>
      <Extensions>h;hh;hpp;hxx;hm;inl;inc;ipp;xsd</Extensions>
    </Filter>
    <Filter Include="Header Files\entity">
      <UniqueIdentifier>{4a11a226-f233-41e4-87cd-7c4ab4a831db}</UniqueIdentifier>
    </Filter>
    <Filter Include="Header Files\entity\animation">
      <UniqueIdentifier>{5a61591c-cc9a-4178-a463-1699c1f233fe}</UniqueIdentifier>
    </Filter>
    <Filter Include="Header Files\entity\movement">
      <UniqueIdentifier>{88b4d553-f3b4-4a7e-965d-64f0c505866c}</UniqueIdentifier>
    </Filter>
    <Filter Include="Header Files\entity\ability">
      <UniqueIdentifier>{c103472f-9c11-479e-8e04-4c58e9a580fa}</UniqueIdentifier>
    </Filter>
    <Filter Include="Header Files\entity\stats">
      <UniqueIdentifier>{9c8fafd9-534e-4495-8416-450d82797fa8}</UniqueIdentifier>
    </Filter>
    <Filter Include="Header Files\rendering">
      <UniqueIdentifier>{b139e201-fcb2-4bc4-aefa-0e04c2af4f29}</UniqueIdentifier>
    </Filter>
    <Filter Include="Resource Files">
      <UniqueIdentifier>{67DA6AB6-F800-4c08-8B7A-83BB121AAD01}</UniqueIdentifier>
      <Extensions>rc;ico;cur;bmp;dlg;rc2;rct;bin;rgs;gif;jpg;jpeg;jpe;resx;tiff;tif;png;wav;mfcribbon-ms</Extensions>
    </Filter>
    <Filter Include="Source Files\entity">
      <UniqueIdentifier>{9f33379d-4845-409e-8e3e-f8d45f406e53}</UniqueIdentifier>
    </Filter>
    <Filter Include="Source Files\rendering">
      <UniqueIdentifier>{5d33cf30-ad39-450d-b5d8-f1b352819ab1}</UniqueIdentifier>
    </Filter>
    <Filter Include="Source Files\entity\movement">
      <UniqueIdentifier>{fac4b820-5e6d-4a34-a2ca-cca36522f198}</UniqueIdentifier>
    </Filter>
    <Filter Include="Source Files\entity\animation">
      <UniqueIdentifier>{252cb290-7e52-420d-b154-677edc51dd16}</UniqueIdentifier>
    </Filter>
    <Filter Include="Source Files\entity\ability">
      <UniqueIdentifier>{ece0316f-4977-4cda-8d77-bc6bba9c3db3}</UniqueIdentifier>
    </Filter>
    <Filter Include="Header Files\menu">
      <UniqueIdentifier>{eb0ab26d-100b-451a-afe6-3effd8d7cc20}</UniqueIdentifier>
    </Filter>
    <Filter Include="Header Files\game">
      <UniqueIdentifier>{176b03e9-955b-444c-af15-e517c20230d7}</UniqueIdentifier>
    </Filter>
    <Filter Include="Source Files\game">
      <UniqueIdentifier>{5b8ecad4-2960-4bdf-909c-426455b128b0}</UniqueIdentifier>
    </Filter>
    <Filter Include="Source Files\menu">
      <UniqueIdentifier>{84950712-5a5b-439e-9183-cc71e49ec1e1}</UniqueIdentifier>
    </Filter>
    <Filter Include="Source Files\entity\inventory">
      <UniqueIdentifier>{d492fe86-e9dd-4c41-b835-51182d433e1f}</UniqueIdentifier>
    </Filter>
    <Filter Include="Header Files\entity\inventory">
      <UniqueIdentifier>{61187205-f58e-4d35-86a4-8b9b05e1084c}</UniqueIdentifier>
    </Filter>
    <Filter Include="Header Files\entity\movement\movements">
      <UniqueIdentifier>{d164ec1c-7f7b-490b-93fc-8593b0cbb616}</UniqueIdentifier>
    </Filter>
    <Filter Include="Source Files\entity\movement\movements">
      <UniqueIdentifier>{2f456567-9386-484d-b8c8-b688f99ca5ae}</UniqueIdentifier>
    </Filter>
    <Filter Include="Header Files\decisions">
      <UniqueIdentifier>{dd32b624-4e2d-4917-8219-1f4b56b0adb7}</UniqueIdentifier>
    </Filter>
    <Filter Include="Header Files\level">
      <UniqueIdentifier>{bd3a3566-51f9-464e-980e-7021f46edd80}</UniqueIdentifier>
    </Filter>
  </ItemGroup>
  <ItemGroup>
    <ClCompile Include="ConsoleApplication1.cpp">
      <Filter>Source Files</Filter>
    </ClCompile>
    <ClCompile Include="inputManager.cpp">
      <Filter>Source Files</Filter>
    </ClCompile>
    <ClCompile Include="fileManager.cpp">
      <Filter>Source Files</Filter>
    </ClCompile>
    <ClCompile Include="logManager.cpp">
      <Filter>Source Files</Filter>
    </ClCompile>
    <ClCompile Include="abilities.cpp">
      <Filter>Source Files\entity\ability</Filter>
    </ClCompile>
    <ClCompile Include="ability.cpp">
      <Filter>Source Files\entity\ability</Filter>
    </ClCompile>
    <ClCompile Include="animationManager.cpp">
      <Filter>Source Files\entity\animation</Filter>
    </ClCompile>
    <ClCompile Include="animationMovement.cpp">
      <Filter>Source Files\entity\animation</Filter>
    </ClCompile>
    <ClCompile Include="entity.cpp">
      <Filter>Source Files\entity</Filter>
    </ClCompile>
    <ClCompile Include="renderer.cpp">
      <Filter>Source Files\rendering</Filter>
    </ClCompile>
    <ClCompile Include="textureDataStruct.cpp">
      <Filter>Source Files\rendering</Filter>
    </ClCompile>
    <ClCompile Include="textureManager.cpp">
      <Filter>Source Files\rendering</Filter>
    </ClCompile>
    <ClCompile Include="windowManager.cpp">
      <Filter>Source Files\rendering</Filter>
    </ClCompile>
    <ClCompile Include="entityLoader.cpp">
      <Filter>Source Files\entity</Filter>
    </ClCompile>
    <ClCompile Include="abilityFileLoader.cpp">
      <Filter>Source Files\entity\ability</Filter>
    </ClCompile>
    <ClCompile Include="renderManager.cpp">
      <Filter>Source Files\rendering</Filter>
    </ClCompile>
    <ClCompile Include="game.cpp">
      <Filter>Source Files\game</Filter>
    </ClCompile>
    <ClCompile Include="gameManager.cpp">
      <Filter>Source Files\game</Filter>
    </ClCompile>
    <ClCompile Include="pauseMenu.cpp">
      <Filter>Source Files\menu</Filter>
    </ClCompile>
    <ClCompile Include="dimensions.h">
      <Filter>Header Files\entity\stats</Filter>
    </ClCompile>
    <ClCompile Include="animationMovementFactory.cpp">
      <Filter>Source Files\entity\movement</Filter>
    </ClCompile>
    <ClCompile Include="menu.cpp">
      <Filter>Source Files\menu</Filter>
    </ClCompile>
    <ClCompile Include="inventory.cpp">
      <Filter>Source Files\entity\inventory</Filter>
    </ClCompile>
    <ClCompile Include="item.cpp">
      <Filter>Source Files\entity\inventory</Filter>
    </ClCompile>
    <ClCompile Include="idleMovement.cpp">
      <Filter>Source Files\entity\movement\movements</Filter>
    </ClCompile>
    <ClCompile Include="northMovement.cpp">
      <Filter>Source Files\entity\movement\movements</Filter>
    </ClCompile>
    <ClCompile Include="windowSettings.cpp">
      <Filter>Source Files\rendering</Filter>
    </ClCompile>
    <ClCompile Include="mainMenu.cpp">
      <Filter>Source Files\menu</Filter>
    </ClCompile>
    <ClCompile Include="levelLoader.cpp">
      <Filter>Source Files\game</Filter>
    </ClCompile>
  </ItemGroup>
  <ItemGroup>
    <ClInclude Include="logManager.h">
      <Filter>Header Files</Filter>
    </ClInclude>
    <ClInclude Include="inputManager.h">
      <Filter>Header Files</Filter>
    </ClInclude>
    <ClInclude Include="abilities.h">
      <Filter>Header Files\entity\ability</Filter>
    </ClInclude>
    <ClInclude Include="ability.h">
      <Filter>Header Files\entity\ability</Filter>
    </ClInclude>
    <ClInclude Include="abilityType.h">
      <Filter>Header Files\entity\ability</Filter>
    </ClInclude>
    <ClInclude Include="animationManager.h">
      <Filter>Header Files\entity\animation</Filter>
    </ClInclude>
    <ClInclude Include="statClass.h">
      <Filter>Header Files\entity\stats</Filter>
    </ClInclude>
    <ClInclude Include="statEnum.h">
      <Filter>Header Files\entity\stats</Filter>
    </ClInclude>
    <ClInclude Include="statsContainer.h">
      <Filter>Header Files\entity\stats</Filter>
    </ClInclude>
    <ClInclude Include="renderer.h">
      <Filter>Header Files\rendering</Filter>
    </ClInclude>
    <ClInclude Include="textureDataStruct.h">
      <Filter>Header Files\rendering</Filter>
    </ClInclude>
    <ClInclude Include="textureManager.h">
      <Filter>Header Files\rendering</Filter>
    </ClInclude>
    <ClInclude Include="uses.h">
      <Filter>Header Files\entity\stats</Filter>
    </ClInclude>
    <ClInclude Include="windowManager.h">
      <Filter>Header Files\rendering</Filter>
    </ClInclude>
    <ClInclude Include="abilityIncludes.h">
      <Filter>Header Files\entity\ability</Filter>
    </ClInclude>
    <ClInclude Include="abilityFileLoader.h">
      <Filter>Header Files\entity\ability</Filter>
    </ClInclude>
    <ClInclude Include="entityFactory.h">
      <Filter>Header Files\entity</Filter>
    </ClInclude>
    <ClInclude Include="entityLoader.h">
      <Filter>Header Files\entity</Filter>
    </ClInclude>
    <ClInclude Include="abilityFactory.h">
      <Filter>Header Files\entity\ability</Filter>
    </ClInclude>
    <ClInclude Include="entityIncludes.h">
      <Filter>Header Files\entity</Filter>
    </ClInclude>
    <ClInclude Include="heal.h">
      <Filter>Header Files\entity\ability</Filter>
    </ClInclude>
    <ClInclude Include="movementTypeEnum.h">
      <Filter>Header Files\entity\movement</Filter>
    </ClInclude>
    <ClInclude Include="position.h">
      <Filter>Header Files\entity\stats</Filter>
    </ClInclude>
    <ClInclude Include="renderManager.h">
      <Filter>Header Files\rendering</Filter>
    </ClInclude>
    <ClInclude Include="button.h">
      <Filter>Header Files\menu</Filter>
    </ClInclude>
    <ClInclude Include="menu.h">
      <Filter>Header Files\menu</Filter>
    </ClInclude>
    <ClInclude Include="menuManager.h">
      <Filter>Header Files\menu</Filter>
    </ClInclude>
    <ClInclude Include="pauseMenu.h">
      <Filter>Header Files\menu</Filter>
    </ClInclude>
    <ClInclude Include="entityRenderInfo.h">
      <Filter>Header Files\entity\animation</Filter>
    </ClInclude>
    <ClInclude Include="game.h">
      <Filter>Header Files\game</Filter>
    </ClInclude>
    <ClInclude Include="fileManager.h">
      <Filter>Header Files\game</Filter>
    </ClInclude>
    <ClInclude Include="gameStateEnum.h">
      <Filter>Header Files\game</Filter>
    </ClInclude>
    <ClInclude Include="gameManager.h">
      <Filter>Header Files\game</Filter>
    </ClInclude>
    <ClInclude Include="aNotes.h">
      <Filter>Header Files</Filter>
    </ClInclude>
    <ClInclude Include="animationMovementFactory.h">
      <Filter>Header Files\entity\movement</Filter>
    </ClInclude>
    <ClInclude Include="buttonData.h">
      <Filter>Header Files\menu</Filter>
    </ClInclude>
    <ClInclude Include="buttonEnums.h">
      <Filter>Header Files\menu</Filter>
    </ClInclude>
    <ClInclude Include="defaultButtonSettings.h">
      <Filter>Header Files\menu</Filter>
    </ClInclude>
    <ClInclude Include="inventory.h">
      <Filter>Header Files\entity\inventory</Filter>
    </ClInclude>
    <ClInclude Include="item.h">
      <Filter>Header Files\entity\inventory</Filter>
    </ClInclude>
    <ClInclude Include="path.h">
      <Filter>Header Files\entity\movement</Filter>
    </ClInclude>
    <ClInclude Include="animationMovement.h">
      <Filter>Header Files\entity\movement</Filter>
    </ClInclude>
    <ClInclude Include="idleMovement.h">
      <Filter>Header Files\entity\movement\movements</Filter>
    </ClInclude>
    <ClInclude Include="northMovement.h">
      <Filter>Header Files\entity\movement\movements</Filter>
    </ClInclude>
    <ClInclude Include="decisionContext.h">
      <Filter>Header Files\decisions</Filter>
    </ClInclude>
    <ClInclude Include="movementHandler.h">
      <Filter>Header Files\entity\movement</Filter>
    </ClInclude>
    <ClInclude Include="level.h">
      <Filter>Header Files\level</Filter>
    </ClInclude>
    <ClInclude Include="entityOverrides.h">
      <Filter>Header Files\level</Filter>
    </ClInclude>
    <ClInclude Include="windowSettings.h">
      <Filter>Header Files\rendering</Filter>
    </ClInclude>
    <ClInclude Include="mainMenu.h">
      <Filter>Header Files\menu</Filter>
    </ClInclude>
    <ClInclude Include="entity.h">
      <Filter>Header Files\entity</Filter>
    </ClInclude>
    <ClInclude Include="renderablesCacheHandler.h">
      <Filter>Source Files\game</Filter>
    </ClInclude>
    <ClInclude Include="view.h">
      <Filter>Source Files\game</Filter>
    </ClInclude>
    <ClInclude Include="entityTypeEnum.h">
      <Filter>Header Files\entity</Filter>
    </ClInclude>
    <ClInclude Include="levelLoader.h">
      <Filter>Source Files\game</Filter>
    </ClInclude>
  </ItemGroup>
</Project>